
Microsoft Visual Studio Solution File, Format Version 12.00
# Visual Studio Version 16
VisualStudioVersion = 16.0.31424.327
MinimumVisualStudioVersion = 10.0.40219.1
Project("{FAE04EC0-301F-11D3-BF4B-00C04F79EFBC}") = "UrunTakipApplication", "UrunTakipApplication.csproj", "{347EA2C0-17F5-4961-AFA9-F7AE8702D56A}"
EndProject
Global
	GlobalSection(SolutionConfigurationPlatforms) = preSolution
		Debug|Any CPU = Debug|Any CPU
		Release|Any CPU = Release|Any CPU
	EndGlobalSection
	GlobalSection(ProjectConfigurationPlatforms) = postSolution
		{347EA2C0-17F5-4961-AFA9-F7AE8702D56A}.Debug|Any CPU.ActiveCfg = Debug|Any CPU
		{347EA2C0-17F5-4961-AFA9-F7AE8702D56A}.Debug|Any CPU.Build.0 = Debug|Any CPU
		{347EA2C0-17F5-4961-AFA9-F7AE8702D56A}.Release|Any CPU.ActiveCfg = Release|Any CPU
		{347EA2C0-17F5-4961-AFA9-F7AE8702D56A}.Release|Any CPU.Build.0 = Release|Any CPU
	EndGlobalSection
	GlobalSection(SolutionProperties) = preSolution
		HideSolutionNode = FALSE
	EndGlobalSection
	GlobalSection(ExtensibilityGlobals) = postSolution
		SolutionGuid = {A1127624-E834-4249-9C89-F5EA0C9DE26A}
	EndGlobalSection
EndGlobal
